
Microsoft Visual Studio Solution File, Format Version 12.00
# Visual Studio Version 16
VisualStudioVersion = 16.0.31025.194
MinimumVisualStudioVersion = 10.0.40219.1
Project("{FAE04EC0-301F-11D3-BF4B-00C04F79EFBC}") = "WM.App", "WebMotorsCrud\WM.App.csproj", "{3FF3E71E-B82E-453F-99B0-465CDA135B1D}"
EndProject
Project("{FAE04EC0-301F-11D3-BF4B-00C04F79EFBC}") = "WM.Bussiness", "WM.Bussiness\WM.Bussiness.csproj", "{551C8419-9E40-49D5-A251-32B10424167F}"
EndProject
Project("{FAE04EC0-301F-11D3-BF4B-00C04F79EFBC}") = "WM.Data", "WM.Data\WM.Data.csproj", "{FAED1A88-F229-4402-810E-510895D35B47}"
EndProject
Global
	GlobalSection(SolutionConfigurationPlatforms) = preSolution
		Debug|Any CPU = Debug|Any CPU
		Release|Any CPU = Release|Any CPU
	EndGlobalSection
	GlobalSection(ProjectConfigurationPlatforms) = postSolution
		{3FF3E71E-B82E-453F-99B0-465CDA135B1D}.Debug|Any CPU.ActiveCfg = Debug|Any CPU
		{3FF3E71E-B82E-453F-99B0-465CDA135B1D}.Debug|Any CPU.Build.0 = Debug|Any CPU
		{3FF3E71E-B82E-453F-99B0-465CDA135B1D}.Release|Any CPU.ActiveCfg = Release|Any CPU
		{3FF3E71E-B82E-453F-99B0-465CDA135B1D}.Release|Any CPU.Build.0 = Release|Any CPU
		{551C8419-9E40-49D5-A251-32B10424167F}.Debug|Any CPU.ActiveCfg = Debug|Any CPU
		{551C8419-9E40-49D5-A251-32B10424167F}.Debug|Any CPU.Build.0 = Debug|Any CPU
		{551C8419-9E40-49D5-A251-32B10424167F}.Release|Any CPU.ActiveCfg = Release|Any CPU
		{551C8419-9E40-49D5-A251-32B10424167F}.Release|Any CPU.Build.0 = Release|Any CPU
		{FAED1A88-F229-4402-810E-510895D35B47}.Debug|Any CPU.ActiveCfg = Debug|Any CPU
		{FAED1A88-F229-4402-810E-510895D35B47}.Debug|Any CPU.Build.0 = Debug|Any CPU
		{FAED1A88-F229-4402-810E-510895D35B47}.Release|Any CPU.ActiveCfg = Release|Any CPU
		{FAED1A88-F229-4402-810E-510895D35B47}.Release|Any CPU.Build.0 = Release|Any CPU
	EndGlobalSection
	GlobalSection(SolutionProperties) = preSolution
		HideSolutionNode = FALSE
	EndGlobalSection
	GlobalSection(ExtensibilityGlobals) = postSolution
		SolutionGuid = {D21E1351-D393-4161-9758-7F3D2FAC5198}
	EndGlobalSection
EndGlobal
